
Microsoft Visual Studio Solution File, Format Version 12.00
# Visual Studio Version 16
VisualStudioVersion = 16.0.31025.194
MinimumVisualStudioVersion = 10.0.40219.1
Project("{9A19103F-16F7-4668-BE54-9A1E7A4F7556}") = "NCU.AnnualWorks", "src\NCU.AnnualWorks\NCU.AnnualWorks.csproj", "{43460802-3742-4F0F-BBD0-70A0DD56CB7A}"
	ProjectSection(ProjectDependencies) = postProject
		{A3287508-5FE1-45E5-A080-FEBB12788316} = {A3287508-5FE1-45E5-A080-FEBB12788316}
	EndProjectSection
EndProject
Project("{2150E333-8FDC-42A3-9474-1A3956D46DE8}") = "src", "src", "{FE0F5E20-5BEE-4BC8-805D-2D629C7F029B}"
EndProject
Project("{2150E333-8FDC-42A3-9474-1A3956D46DE8}") = "lib", "lib", "{F118FD34-84EC-4DBB-A5D2-5C4762B4BA56}"
EndProject
Project("{9A19103F-16F7-4668-BE54-9A1E7A4F7556}") = "NCU.AnnualWorks.Integrations.Usos", "lib\NCU.AnnualWorks.Integrations.Usos\NCU.AnnualWorks.Integrations.Usos.csproj", "{750A6D43-3394-4AED-BD9D-B8600C12DA67}"
EndProject
Project("{9A19103F-16F7-4668-BE54-9A1E7A4F7556}") = "NCU.AnnualWorks.Authentication.JWT.Core", "lib\NCU.AnnualWorks.Authentication.JWT.Core\NCU.AnnualWorks.Authentication.JWT.Core.csproj", "{5EB5DAC2-C780-4519-B3D0-15C8D276A56E}"
EndProject
Project("{2150E333-8FDC-42A3-9474-1A3956D46DE8}") = "IoC", "IoC", "{51FF605C-0C0A-4995-A0CE-7AAF3A359660}"
EndProject
Project("{9A19103F-16F7-4668-BE54-9A1E7A4F7556}") = "NCU.AnnualWorks.Authentication.JWT.IoC", "lib\NCU.AnnualWorks.Authentication.JWT.IoC\NCU.AnnualWorks.Authentication.JWT.IoC.csproj", "{A3287508-5FE1-45E5-A080-FEBB12788316}"
EndProject
Project("{9A19103F-16F7-4668-BE54-9A1E7A4F7556}") = "NCU.AnnualWorks.Authentication.JWT", "lib\NCU.AnnualWorks.Authentication.JWT\NCU.AnnualWorks.Authentication.JWT.csproj", "{D5F809DD-4DD4-4D0A-96DB-19DB64181422}"
EndProject
Project("{9A19103F-16F7-4668-BE54-9A1E7A4F7556}") = "NCU.AnnualWorks.Authentication.OAuth.Core", "lib\NCU.AnnualWorks.Authentication.OAuth.Core\NCU.AnnualWorks.Authentication.OAuth.Core.csproj", "{C840F653-C099-4085-8A77-39C71BD69B90}"
EndProject
Project("{9A19103F-16F7-4668-BE54-9A1E7A4F7556}") = "NCU.AnnualWorks.Authentication.OAuth", "lib\NCU.AnnualWorks.Authentication.OAuth\NCU.AnnualWorks.Authentication.OAuth.csproj", "{3CE55DB3-561C-4851-9A37-7C232BA88416}"
EndProject
Project("{9A19103F-16F7-4668-BE54-9A1E7A4F7556}") = "NCU.AnnualWorks.Authentication.OAuth.IoC", "lib\NCU.AnnualWorks.Authentication.OAuth.IoC\NCU.AnnualWorks.Authentication.OAuth.IoC.csproj", "{C1BF75DC-8B6D-4C99-8AF8-C09AAA047528}"
EndProject
Project("{9A19103F-16F7-4668-BE54-9A1E7A4F7556}") = "NCU.AnnualWorks.Integrations.Usos.IoC", "lib\NCU.AnnualWorks.Integrations.Usos.IoC\NCU.AnnualWorks.Integrations.Usos.IoC.csproj", "{68A38C35-43BB-45E1-9F52-7133A17C01AE}"
EndProject
Project("{9A19103F-16F7-4668-BE54-9A1E7A4F7556}") = "NCU.AnnualWorks.Integrations.Usos.Core", "lib\NCU.AnnualWorks.Integrations.Usos.Core\NCU.AnnualWorks.Integrations.Usos.Core.csproj", "{64305D68-F234-47B1-9E11-5E8E8514F0AC}"
EndProject
Project("{9A19103F-16F7-4668-BE54-9A1E7A4F7556}") = "NCU.AnnualWorks.Core", "lib\NCU.AnnualWorks.Core\NCU.AnnualWorks.Core.csproj", "{45A512CC-9A67-4085-A0F1-14E54510A050}"
EndProject
Project("{FAE04EC0-301F-11D3-BF4B-00C04F79EFBC}") = "NCU.AnnualWorks.Integrations.Email", "lib\NCU.AnnualWorks.Integrations.Email\NCU.AnnualWorks.Integrations.Email.csproj", "{CC00F415-93B7-4A1A-A9FA-97977127D76B}"
EndProject
Project("{FAE04EC0-301F-11D3-BF4B-00C04F79EFBC}") = "NCU.AnnualWorks.Integrations.Email.Core", "lib\NCU.AnnualWorks.Integrations.Email.Core\NCU.AnnualWorks.Integrations.Email.Core.csproj", "{CEBE256B-86C3-40CE-A5D1-1D55D01B7945}"
EndProject
Project("{FAE04EC0-301F-11D3-BF4B-00C04F79EFBC}") = "NCU.AnnualWorks.Integrations.Email.IoC", "NCU.AnnualWorks.Integrations.Email.IoC\NCU.AnnualWorks.Integrations.Email.IoC.csproj", "{B7EBAA30-6020-4A00-B069-863670FDAE93}"
EndProject
Global
	GlobalSection(SolutionConfigurationPlatforms) = preSolution
		Debug|Any CPU = Debug|Any CPU
		Debug|x64 = Debug|x64
		Debug|x86 = Debug|x86
		Release|Any CPU = Release|Any CPU
		Release|x64 = Release|x64
		Release|x86 = Release|x86
	EndGlobalSection
	GlobalSection(ProjectConfigurationPlatforms) = postSolution
		{43460802-3742-4F0F-BBD0-70A0DD56CB7A}.Debug|Any CPU.ActiveCfg = Debug|Any CPU
		{43460802-3742-4F0F-BBD0-70A0DD56CB7A}.Debug|Any CPU.Build.0 = Debug|Any CPU
		{43460802-3742-4F0F-BBD0-70A0DD56CB7A}.Debug|x64.ActiveCfg = Debug|Any CPU
		{43460802-3742-4F0F-BBD0-70A0DD56CB7A}.Debug|x64.Build.0 = Debug|Any CPU
		{43460802-3742-4F0F-BBD0-70A0DD56CB7A}.Debug|x86.ActiveCfg = Debug|Any CPU
		{43460802-3742-4F0F-BBD0-70A0DD56CB7A}.Debug|x86.Build.0 = Debug|Any CPU
		{43460802-3742-4F0F-BBD0-70A0DD56CB7A}.Release|Any CPU.ActiveCfg = Release|Any CPU
		{43460802-3742-4F0F-BBD0-70A0DD56CB7A}.Release|Any CPU.Build.0 = Release|Any CPU
		{43460802-3742-4F0F-BBD0-70A0DD56CB7A}.Release|x64.ActiveCfg = Release|Any CPU
		{43460802-3742-4F0F-BBD0-70A0DD56CB7A}.Release|x64.Build.0 = Release|Any CPU
		{43460802-3742-4F0F-BBD0-70A0DD56CB7A}.Release|x86.ActiveCfg = Release|Any CPU
		{43460802-3742-4F0F-BBD0-70A0DD56CB7A}.Release|x86.Build.0 = Release|Any CPU
		{750A6D43-3394-4AED-BD9D-B8600C12DA67}.Debug|Any CPU.ActiveCfg = Debug|Any CPU
		{750A6D43-3394-4AED-BD9D-B8600C12DA67}.Debug|Any CPU.Build.0 = Debug|Any CPU
		{750A6D43-3394-4AED-BD9D-B8600C12DA67}.Debug|x64.ActiveCfg = Debug|Any CPU
		{750A6D43-3394-4AED-BD9D-B8600C12DA67}.Debug|x64.Build.0 = Debug|Any CPU
		{750A6D43-3394-4AED-BD9D-B8600C12DA67}.Debug|x86.ActiveCfg = Debug|Any CPU
		{750A6D43-3394-4AED-BD9D-B8600C12DA67}.Debug|x86.Build.0 = Debug|Any CPU
		{750A6D43-3394-4AED-BD9D-B8600C12DA67}.Release|Any CPU.ActiveCfg = Release|Any CPU
		{750A6D43-3394-4AED-BD9D-B8600C12DA67}.Release|Any CPU.Build.0 = Release|Any CPU
		{750A6D43-3394-4AED-BD9D-B8600C12DA67}.Release|x64.ActiveCfg = Release|Any CPU
		{750A6D43-3394-4AED-BD9D-B8600C12DA67}.Release|x64.Build.0 = Release|Any CPU
		{750A6D43-3394-4AED-BD9D-B8600C12DA67}.Release|x86.ActiveCfg = Release|Any CPU
		{750A6D43-3394-4AED-BD9D-B8600C12DA67}.Release|x86.Build.0 = Release|Any CPU
		{5EB5DAC2-C780-4519-B3D0-15C8D276A56E}.Debug|Any CPU.ActiveCfg = Debug|Any CPU
		{5EB5DAC2-C780-4519-B3D0-15C8D276A56E}.Debug|Any CPU.Build.0 = Debug|Any CPU
		{5EB5DAC2-C780-4519-B3D0-15C8D276A56E}.Debug|x64.ActiveCfg = Debug|Any CPU
		{5EB5DAC2-C780-4519-B3D0-15C8D276A56E}.Debug|x64.Build.0 = Debug|Any CPU
		{5EB5DAC2-C780-4519-B3D0-15C8D276A56E}.Debug|x86.ActiveCfg = Debug|Any CPU
		{5EB5DAC2-C780-4519-B3D0-15C8D276A56E}.Debug|x86.Build.0 = Debug|Any CPU
		{5EB5DAC2-C780-4519-B3D0-15C8D276A56E}.Release|Any CPU.ActiveCfg = Release|Any CPU
		{5EB5DAC2-C780-4519-B3D0-15C8D276A56E}.Release|Any CPU.Build.0 = Release|Any CPU
		{5EB5DAC2-C780-4519-B3D0-15C8D276A56E}.Release|x64.ActiveCfg = Release|Any CPU
		{5EB5DAC2-C780-4519-B3D0-15C8D276A56E}.Release|x64.Build.0 = Release|Any CPU
		{5EB5DAC2-C780-4519-B3D0-15C8D276A56E}.Release|x86.ActiveCfg = Release|Any CPU
		{5EB5DAC2-C780-4519-B3D0-15C8D276A56E}.Release|x86.Build.0 = Release|Any CPU
		{A3287508-5FE1-45E5-A080-FEBB12788316}.Debug|Any CPU.ActiveCfg = Debug|Any CPU
		{A3287508-5FE1-45E5-A080-FEBB12788316}.Debug|Any CPU.Build.0 = Debug|Any CPU
		{A3287508-5FE1-45E5-A080-FEBB12788316}.Debug|x64.ActiveCfg = Debug|Any CPU
		{A3287508-5FE1-45E5-A080-FEBB12788316}.Debug|x64.Build.0 = Debug|Any CPU
		{A3287508-5FE1-45E5-A080-FEBB12788316}.Debug|x86.ActiveCfg = Debug|Any CPU
		{A3287508-5FE1-45E5-A080-FEBB12788316}.Debug|x86.Build.0 = Debug|Any CPU
		{A3287508-5FE1-45E5-A080-FEBB12788316}.Release|Any CPU.ActiveCfg = Release|Any CPU
		{A3287508-5FE1-45E5-A080-FEBB12788316}.Release|Any CPU.Build.0 = Release|Any CPU
		{A3287508-5FE1-45E5-A080-FEBB12788316}.Release|x64.ActiveCfg = Release|Any CPU
		{A3287508-5FE1-45E5-A080-FEBB12788316}.Release|x64.Build.0 = Release|Any CPU
		{A3287508-5FE1-45E5-A080-FEBB12788316}.Release|x86.ActiveCfg = Release|Any CPU
		{A3287508-5FE1-45E5-A080-FEBB12788316}.Release|x86.Build.0 = Release|Any CPU
		{D5F809DD-4DD4-4D0A-96DB-19DB64181422}.Debug|Any CPU.ActiveCfg = Debug|Any CPU
		{D5F809DD-4DD4-4D0A-96DB-19DB64181422}.Debug|Any CPU.Build.0 = Debug|Any CPU
		{D5F809DD-4DD4-4D0A-96DB-19DB64181422}.Debug|x64.ActiveCfg = Debug|Any CPU
		{D5F809DD-4DD4-4D0A-96DB-19DB64181422}.Debug|x64.Build.0 = Debug|Any CPU
		{D5F809DD-4DD4-4D0A-96DB-19DB64181422}.Debug|x86.ActiveCfg = Debug|Any CPU
		{D5F809DD-4DD4-4D0A-96DB-19DB64181422}.Debug|x86.Build.0 = Debug|Any CPU
		{D5F809DD-4DD4-4D0A-96DB-19DB64181422}.Release|Any CPU.ActiveCfg = Release|Any CPU
		{D5F809DD-4DD4-4D0A-96DB-19DB64181422}.Release|Any CPU.Build.0 = Release|Any CPU
		{D5F809DD-4DD4-4D0A-96DB-19DB64181422}.Release|x64.ActiveCfg = Release|Any CPU
		{D5F809DD-4DD4-4D0A-96DB-19DB64181422}.Release|x64.Build.0 = Release|Any CPU
		{D5F809DD-4DD4-4D0A-96DB-19DB64181422}.Release|x86.ActiveCfg = Release|Any CPU
		{D5F809DD-4DD4-4D0A-96DB-19DB64181422}.Release|x86.Build.0 = Release|Any CPU
		{C840F653-C099-4085-8A77-39C71BD69B90}.Debug|Any CPU.ActiveCfg = Debug|Any CPU
		{C840F653-C099-4085-8A77-39C71BD69B90}.Debug|Any CPU.Build.0 = Debug|Any CPU
		{C840F653-C099-4085-8A77-39C71BD69B90}.Debug|x64.ActiveCfg = Debug|Any CPU
		{C840F653-C099-4085-8A77-39C71BD69B90}.Debug|x64.Build.0 = Debug|Any CPU
		{C840F653-C099-4085-8A77-39C71BD69B90}.Debug|x86.ActiveCfg = Debug|Any CPU
		{C840F653-C099-4085-8A77-39C71BD69B90}.Debug|x86.Build.0 = Debug|Any CPU
		{C840F653-C099-4085-8A77-39C71BD69B90}.Release|Any CPU.ActiveCfg = Release|Any CPU
		{C840F653-C099-4085-8A77-39C71BD69B90}.Release|Any CPU.Build.0 = Release|Any CPU
		{C840F653-C099-4085-8A77-39C71BD69B90}.Release|x64.ActiveCfg = Release|Any CPU
		{C840F653-C099-4085-8A77-39C71BD69B90}.Release|x64.Build.0 = Release|Any CPU
		{C840F653-C099-4085-8A77-39C71BD69B90}.Release|x86.ActiveCfg = Release|Any CPU
		{C840F653-C099-4085-8A77-39C71BD69B90}.Release|x86.Build.0 = Release|Any CPU
		{3CE55DB3-561C-4851-9A37-7C232BA88416}.Debug|Any CPU.ActiveCfg = Debug|Any CPU
		{3CE55DB3-561C-4851-9A37-7C232BA88416}.Debug|Any CPU.Build.0 = Debug|Any CPU
		{3CE55DB3-561C-4851-9A37-7C232BA88416}.Debug|x64.ActiveCfg = Debug|Any CPU
		{3CE55DB3-561C-4851-9A37-7C232BA88416}.Debug|x64.Build.0 = Debug|Any CPU
		{3CE55DB3-561C-4851-9A37-7C232BA88416}.Debug|x86.ActiveCfg = Debug|Any CPU
		{3CE55DB3-561C-4851-9A37-7C232BA88416}.Debug|x86.Build.0 = Debug|Any CPU
		{3CE55DB3-561C-4851-9A37-7C232BA88416}.Release|Any CPU.ActiveCfg = Release|Any CPU
		{3CE55DB3-561C-4851-9A37-7C232BA88416}.Release|Any CPU.Build.0 = Release|Any CPU
		{3CE55DB3-561C-4851-9A37-7C232BA88416}.Release|x64.ActiveCfg = Release|Any CPU
		{3CE55DB3-561C-4851-9A37-7C232BA88416}.Release|x64.Build.0 = Release|Any CPU
		{3CE55DB3-561C-4851-9A37-7C232BA88416}.Release|x86.ActiveCfg = Release|Any CPU
		{3CE55DB3-561C-4851-9A37-7C232BA88416}.Release|x86.Build.0 = Release|Any CPU
		{C1BF75DC-8B6D-4C99-8AF8-C09AAA047528}.Debug|Any CPU.ActiveCfg = Debug|Any CPU
		{C1BF75DC-8B6D-4C99-8AF8-C09AAA047528}.Debug|Any CPU.Build.0 = Debug|Any CPU
		{C1BF75DC-8B6D-4C99-8AF8-C09AAA047528}.Debug|x64.ActiveCfg = Debug|Any CPU
		{C1BF75DC-8B6D-4C99-8AF8-C09AAA047528}.Debug|x64.Build.0 = Debug|Any CPU
		{C1BF75DC-8B6D-4C99-8AF8-C09AAA047528}.Debug|x86.ActiveCfg = Debug|Any CPU
		{C1BF75DC-8B6D-4C99-8AF8-C09AAA047528}.Debug|x86.Build.0 = Debug|Any CPU
		{C1BF75DC-8B6D-4C99-8AF8-C09AAA047528}.Release|Any CPU.ActiveCfg = Release|Any CPU
		{C1BF75DC-8B6D-4C99-8AF8-C09AAA047528}.Release|Any CPU.Build.0 = Release|Any CPU
		{C1BF75DC-8B6D-4C99-8AF8-C09AAA047528}.Release|x64.ActiveCfg = Release|Any CPU
		{C1BF75DC-8B6D-4C99-8AF8-C09AAA047528}.Release|x64.Build.0 = Release|Any CPU
		{C1BF75DC-8B6D-4C99-8AF8-C09AAA047528}.Release|x86.ActiveCfg = Release|Any CPU
		{C1BF75DC-8B6D-4C99-8AF8-C09AAA047528}.Release|x86.Build.0 = Release|Any CPU
		{68A38C35-43BB-45E1-9F52-7133A17C01AE}.Debug|Any CPU.ActiveCfg = Debug|Any CPU
		{68A38C35-43BB-45E1-9F52-7133A17C01AE}.Debug|Any CPU.Build.0 = Debug|Any CPU
		{68A38C35-43BB-45E1-9F52-7133A17C01AE}.Debug|x64.ActiveCfg = Debug|Any CPU
		{68A38C35-43BB-45E1-9F52-7133A17C01AE}.Debug|x64.Build.0 = Debug|Any CPU
		{68A38C35-43BB-45E1-9F52-7133A17C01AE}.Debug|x86.ActiveCfg = Debug|Any CPU
		{68A38C35-43BB-45E1-9F52-7133A17C01AE}.Debug|x86.Build.0 = Debug|Any CPU
		{68A38C35-43BB-45E1-9F52-7133A17C01AE}.Release|Any CPU.ActiveCfg = Release|Any CPU
		{68A38C35-43BB-45E1-9F52-7133A17C01AE}.Release|Any CPU.Build.0 = Release|Any CPU
		{68A38C35-43BB-45E1-9F52-7133A17C01AE}.Release|x64.ActiveCfg = Release|Any CPU
		{68A38C35-43BB-45E1-9F52-7133A17C01AE}.Release|x64.Build.0 = Release|Any CPU
		{68A38C35-43BB-45E1-9F52-7133A17C01AE}.Release|x86.ActiveCfg = Release|Any CPU
		{68A38C35-43BB-45E1-9F52-7133A17C01AE}.Release|x86.Build.0 = Release|Any CPU
		{64305D68-F234-47B1-9E11-5E8E8514F0AC}.Debug|Any CPU.ActiveCfg = Debug|Any CPU
		{64305D68-F234-47B1-9E11-5E8E8514F0AC}.Debug|Any CPU.Build.0 = Debug|Any CPU
		{64305D68-F234-47B1-9E11-5E8E8514F0AC}.Debug|x64.ActiveCfg = Debug|Any CPU
		{64305D68-F234-47B1-9E11-5E8E8514F0AC}.Debug|x64.Build.0 = Debug|Any CPU
		{64305D68-F234-47B1-9E11-5E8E8514F0AC}.Debug|x86.ActiveCfg = Debug|Any CPU
		{64305D68-F234-47B1-9E11-5E8E8514F0AC}.Debug|x86.Build.0 = Debug|Any CPU
		{64305D68-F234-47B1-9E11-5E8E8514F0AC}.Release|Any CPU.ActiveCfg = Release|Any CPU
		{64305D68-F234-47B1-9E11-5E8E8514F0AC}.Release|Any CPU.Build.0 = Release|Any CPU
		{64305D68-F234-47B1-9E11-5E8E8514F0AC}.Release|x64.ActiveCfg = Release|Any CPU
		{64305D68-F234-47B1-9E11-5E8E8514F0AC}.Release|x64.Build.0 = Release|Any CPU
		{64305D68-F234-47B1-9E11-5E8E8514F0AC}.Release|x86.ActiveCfg = Release|Any CPU
		{64305D68-F234-47B1-9E11-5E8E8514F0AC}.Release|x86.Build.0 = Release|Any CPU
		{45A512CC-9A67-4085-A0F1-14E54510A050}.Debug|Any CPU.ActiveCfg = Debug|Any CPU
		{45A512CC-9A67-4085-A0F1-14E54510A050}.Debug|Any CPU.Build.0 = Debug|Any CPU
		{45A512CC-9A67-4085-A0F1-14E54510A050}.Debug|x64.ActiveCfg = Debug|Any CPU
		{45A512CC-9A67-4085-A0F1-14E54510A050}.Debug|x64.Build.0 = Debug|Any CPU
		{45A512CC-9A67-4085-A0F1-14E54510A050}.Debug|x86.ActiveCfg = Debug|Any CPU
		{45A512CC-9A67-4085-A0F1-14E54510A050}.Debug|x86.Build.0 = Debug|Any CPU
		{45A512CC-9A67-4085-A0F1-14E54510A050}.Release|Any CPU.ActiveCfg = Release|Any CPU
		{45A512CC-9A67-4085-A0F1-14E54510A050}.Release|Any CPU.Build.0 = Release|Any CPU
		{45A512CC-9A67-4085-A0F1-14E54510A050}.Release|x64.ActiveCfg = Release|Any CPU
		{45A512CC-9A67-4085-A0F1-14E54510A050}.Release|x64.Build.0 = Release|Any CPU
		{45A512CC-9A67-4085-A0F1-14E54510A050}.Release|x86.ActiveCfg = Release|Any CPU
		{45A512CC-9A67-4085-A0F1-14E54510A050}.Release|x86.Build.0 = Release|Any CPU
		{CC00F415-93B7-4A1A-A9FA-97977127D76B}.Debug|Any CPU.ActiveCfg = Debug|Any CPU
		{CC00F415-93B7-4A1A-A9FA-97977127D76B}.Debug|Any CPU.Build.0 = Debug|Any CPU
		{CC00F415-93B7-4A1A-A9FA-97977127D76B}.Debug|x64.ActiveCfg = Debug|Any CPU
		{CC00F415-93B7-4A1A-A9FA-97977127D76B}.Debug|x64.Build.0 = Debug|Any CPU
		{CC00F415-93B7-4A1A-A9FA-97977127D76B}.Debug|x86.ActiveCfg = Debug|Any CPU
		{CC00F415-93B7-4A1A-A9FA-97977127D76B}.Debug|x86.Build.0 = Debug|Any CPU
		{CC00F415-93B7-4A1A-A9FA-97977127D76B}.Release|Any CPU.ActiveCfg = Release|Any CPU
		{CC00F415-93B7-4A1A-A9FA-97977127D76B}.Release|Any CPU.Build.0 = Release|Any CPU
		{CC00F415-93B7-4A1A-A9FA-97977127D76B}.Release|x64.ActiveCfg = Release|Any CPU
		{CC00F415-93B7-4A1A-A9FA-97977127D76B}.Release|x64.Build.0 = Release|Any CPU
		{CC00F415-93B7-4A1A-A9FA-97977127D76B}.Release|x86.ActiveCfg = Release|Any CPU
		{CC00F415-93B7-4A1A-A9FA-97977127D76B}.Release|x86.Build.0 = Release|Any CPU
		{CEBE256B-86C3-40CE-A5D1-1D55D01B7945}.Debug|Any CPU.ActiveCfg = Debug|Any CPU
		{CEBE256B-86C3-40CE-A5D1-1D55D01B7945}.Debug|Any CPU.Build.0 = Debug|Any CPU
		{CEBE256B-86C3-40CE-A5D1-1D55D01B7945}.Debug|x64.ActiveCfg = Debug|Any CPU
		{CEBE256B-86C3-40CE-A5D1-1D55D01B7945}.Debug|x64.Build.0 = Debug|Any CPU
		{CEBE256B-86C3-40CE-A5D1-1D55D01B7945}.Debug|x86.ActiveCfg = Debug|Any CPU
		{CEBE256B-86C3-40CE-A5D1-1D55D01B7945}.Debug|x86.Build.0 = Debug|Any CPU
		{CEBE256B-86C3-40CE-A5D1-1D55D01B7945}.Release|Any CPU.ActiveCfg = Release|Any CPU
		{CEBE256B-86C3-40CE-A5D1-1D55D01B7945}.Release|Any CPU.Build.0 = Release|Any CPU
		{CEBE256B-86C3-40CE-A5D1-1D55D01B7945}.Release|x64.ActiveCfg = Release|Any CPU
		{CEBE256B-86C3-40CE-A5D1-1D55D01B7945}.Release|x64.Build.0 = Release|Any CPU
		{CEBE256B-86C3-40CE-A5D1-1D55D01B7945}.Release|x86.ActiveCfg = Release|Any CPU
		{CEBE256B-86C3-40CE-A5D1-1D55D01B7945}.Release|x86.Build.0 = Release|Any CPU
		{B7EBAA30-6020-4A00-B069-863670FDAE93}.Debug|Any CPU.ActiveCfg = Debug|Any CPU
		{B7EBAA30-6020-4A00-B069-863670FDAE93}.Debug|Any CPU.Build.0 = Debug|Any CPU
		{B7EBAA30-6020-4A00-B069-863670FDAE93}.Debug|x64.ActiveCfg = Debug|Any CPU
		{B7EBAA30-6020-4A00-B069-863670FDAE93}.Debug|x64.Build.0 = Debug|Any CPU
		{B7EBAA30-6020-4A00-B069-863670FDAE93}.Debug|x86.ActiveCfg = Debug|Any CPU
		{B7EBAA30-6020-4A00-B069-863670FDAE93}.Debug|x86.Build.0 = Debug|Any CPU
		{B7EBAA30-6020-4A00-B069-863670FDAE93}.Release|Any CPU.ActiveCfg = Release|Any CPU
		{B7EBAA30-6020-4A00-B069-863670FDAE93}.Release|Any CPU.Build.0 = Release|Any CPU
		{B7EBAA30-6020-4A00-B069-863670FDAE93}.Release|x64.ActiveCfg = Release|Any CPU
		{B7EBAA30-6020-4A00-B069-863670FDAE93}.Release|x64.Build.0 = Release|Any CPU
		{B7EBAA30-6020-4A00-B069-863670FDAE93}.Release|x86.ActiveCfg = Release|Any CPU
		{B7EBAA30-6020-4A00-B069-863670FDAE93}.Release|x86.Build.0 = Release|Any CPU
	EndGlobalSection
	GlobalSection(SolutionProperties) = preSolution
		HideSolutionNode = FALSE
	EndGlobalSection
	GlobalSection(NestedProjects) = preSolution
		{43460802-3742-4F0F-BBD0-70A0DD56CB7A} = {FE0F5E20-5BEE-4BC8-805D-2D629C7F029B}
		{750A6D43-3394-4AED-BD9D-B8600C12DA67} = {F118FD34-84EC-4DBB-A5D2-5C4762B4BA56}
		{5EB5DAC2-C780-4519-B3D0-15C8D276A56E} = {F118FD34-84EC-4DBB-A5D2-5C4762B4BA56}
		{51FF605C-0C0A-4995-A0CE-7AAF3A359660} = {F118FD34-84EC-4DBB-A5D2-5C4762B4BA56}
		{A3287508-5FE1-45E5-A080-FEBB12788316} = {51FF605C-0C0A-4995-A0CE-7AAF3A359660}
		{D5F809DD-4DD4-4D0A-96DB-19DB64181422} = {F118FD34-84EC-4DBB-A5D2-5C4762B4BA56}
		{C840F653-C099-4085-8A77-39C71BD69B90} = {F118FD34-84EC-4DBB-A5D2-5C4762B4BA56}
		{3CE55DB3-561C-4851-9A37-7C232BA88416} = {F118FD34-84EC-4DBB-A5D2-5C4762B4BA56}
		{C1BF75DC-8B6D-4C99-8AF8-C09AAA047528} = {51FF605C-0C0A-4995-A0CE-7AAF3A359660}
		{68A38C35-43BB-45E1-9F52-7133A17C01AE} = {51FF605C-0C0A-4995-A0CE-7AAF3A359660}
		{64305D68-F234-47B1-9E11-5E8E8514F0AC} = {F118FD34-84EC-4DBB-A5D2-5C4762B4BA56}
		{45A512CC-9A67-4085-A0F1-14E54510A050} = {F118FD34-84EC-4DBB-A5D2-5C4762B4BA56}
		{CC00F415-93B7-4A1A-A9FA-97977127D76B} = {F118FD34-84EC-4DBB-A5D2-5C4762B4BA56}
		{CEBE256B-86C3-40CE-A5D1-1D55D01B7945} = {F118FD34-84EC-4DBB-A5D2-5C4762B4BA56}
		{B7EBAA30-6020-4A00-B069-863670FDAE93} = {51FF605C-0C0A-4995-A0CE-7AAF3A359660}
	EndGlobalSection
	GlobalSection(ExtensibilityGlobals) = postSolution
		SolutionGuid = {799C9AE3-56F4-4700-846F-7FB4620205D1}
	EndGlobalSection
EndGlobal
